
Microsoft Visual Studio Solution File, Format Version 12.00
# Visual Studio 14
VisualStudioVersion = 14.0.24720.0
MinimumVisualStudioVersion = 10.0.40219.1
Project("{FAE04EC0-301F-11D3-BF4B-00C04F79EFBC}") = "Demo", "Demo\Demo.csproj", "{738EBB0B-734B-42CC-8080-E7C2DAC0D532}"
EndProject
Project("{FAE04EC0-301F-11D3-BF4B-00C04F79EFBC}") = "Demo.Tests", "Demo.Tests\Demo.Tests.csproj", "{955A6BBA-A1A5-4E9C-98E2-37E25B4D2C98}"
EndProject
Global
	GlobalSection(SolutionConfigurationPlatforms) = preSolution
		Debug|Any CPU = Debug|Any CPU
		Release|Any CPU = Release|Any CPU
	EndGlobalSection
	GlobalSection(ProjectConfigurationPlatforms) = postSolution
		{738EBB0B-734B-42CC-8080-E7C2DAC0D532}.Debug|Any CPU.ActiveCfg = Debug|Any CPU
		{738EBB0B-734B-42CC-8080-E7C2DAC0D532}.Debug|Any CPU.Build.0 = Debug|Any CPU
		{738EBB0B-734B-42CC-8080-E7C2DAC0D532}.Release|Any CPU.ActiveCfg = Release|Any CPU
		{738EBB0B-734B-42CC-8080-E7C2DAC0D532}.Release|Any CPU.Build.0 = Release|Any CPU
		{955A6BBA-A1A5-4E9C-98E2-37E25B4D2C98}.Debug|Any CPU.ActiveCfg = Debug|Any CPU
		{955A6BBA-A1A5-4E9C-98E2-37E25B4D2C98}.Debug|Any CPU.Build.0 = Debug|Any CPU
		{955A6BBA-A1A5-4E9C-98E2-37E25B4D2C98}.Release|Any CPU.ActiveCfg = Release|Any CPU
		{955A6BBA-A1A5-4E9C-98E2-37E25B4D2C98}.Release|Any CPU.Build.0 = Release|Any CPU
	EndGlobalSection
	GlobalSection(SolutionProperties) = preSolution
		HideSolutionNode = FALSE
	EndGlobalSection
EndGlobal
